
Microsoft Visual Studio Solution File, Format Version 12.00
# Visual Studio Version 17
VisualStudioVersion = 17.9.34723.18
MinimumVisualStudioVersion = 10.0.40219.1
Project("{9A19103F-16F7-4668-BE54-9A1E7A4F7556}") = "Server_side", "Server_side\Server_side.csproj", "{A5A34869-440F-4110-9CA5-81D0DD7CF8C4}"
EndProject
Project("{FAE04EC0-301F-11D3-BF4B-00C04F79EFBC}") = "ClientSideApp", "ClientSideApp\ClientSideApp.csproj", "{AFFC7BBC-4909-43CF-9B74-2EF5B81E5AD1}"
EndProject
Global
	GlobalSection(SolutionConfigurationPlatforms) = preSolution
		Debug|Any CPU = Debug|Any CPU
		Release|Any CPU = Release|Any CPU
	EndGlobalSection
	GlobalSection(ProjectConfigurationPlatforms) = postSolution
		{A5A34869-440F-4110-9CA5-81D0DD7CF8C4}.Debug|Any CPU.ActiveCfg = Debug|Any CPU
		{A5A34869-440F-4110-9CA5-81D0DD7CF8C4}.Debug|Any CPU.Build.0 = Debug|Any CPU
		{A5A34869-440F-4110-9CA5-81D0DD7CF8C4}.Release|Any CPU.ActiveCfg = Release|Any CPU
		{A5A34869-440F-4110-9CA5-81D0DD7CF8C4}.Release|Any CPU.Build.0 = Release|Any CPU
		{AFFC7BBC-4909-43CF-9B74-2EF5B81E5AD1}.Debug|Any CPU.ActiveCfg = Debug|Any CPU
		{AFFC7BBC-4909-43CF-9B74-2EF5B81E5AD1}.Debug|Any CPU.Build.0 = Debug|Any CPU
		{AFFC7BBC-4909-43CF-9B74-2EF5B81E5AD1}.Debug|Any CPU.Deploy.0 = Debug|Any CPU
		{AFFC7BBC-4909-43CF-9B74-2EF5B81E5AD1}.Release|Any CPU.ActiveCfg = Release|Any CPU
		{AFFC7BBC-4909-43CF-9B74-2EF5B81E5AD1}.Release|Any CPU.Build.0 = Release|Any CPU
		{AFFC7BBC-4909-43CF-9B74-2EF5B81E5AD1}.Release|Any CPU.Deploy.0 = Release|Any CPU
	EndGlobalSection
	GlobalSection(SolutionProperties) = preSolution
		HideSolutionNode = FALSE
	EndGlobalSection
	GlobalSection(ExtensibilityGlobals) = postSolution
		SolutionGuid = {7092EA2A-2B64-4D3E-8BD7-77891BF81AAB}
	EndGlobalSection
EndGlobal
